
Microsoft Visual Studio Solution File, Format Version 12.00
# Visual Studio 15
VisualStudioVersion = 15.0.27703.2047
MinimumVisualStudioVersion = 10.0.40219.1
Project("{888888A0-9F3D-457C-B088-3A5042F75D52}") = "YNABWebProject", "YNABWebProject\YNABWebProject.pyproj", "{2F2BD954-92D9-4B90-9C38-44717C098B2E}"
EndProject
Global
	GlobalSection(SolutionConfigurationPlatforms) = preSolution
		Debug|Any CPU = Debug|Any CPU
		Release|Any CPU = Release|Any CPU
	EndGlobalSection
	GlobalSection(ProjectConfigurationPlatforms) = postSolution
		{2F2BD954-92D9-4B90-9C38-44717C098B2E}.Debug|Any CPU.ActiveCfg = Debug|Any CPU
		{2F2BD954-92D9-4B90-9C38-44717C098B2E}.Debug|Any CPU.Build.0 = Debug|Any CPU
		{2F2BD954-92D9-4B90-9C38-44717C098B2E}.Release|Any CPU.ActiveCfg = Release|Any CPU
		{2F2BD954-92D9-4B90-9C38-44717C098B2E}.Release|Any CPU.Build.0 = Release|Any CPU
	EndGlobalSection
	GlobalSection(SolutionProperties) = preSolution
		HideSolutionNode = FALSE
	EndGlobalSection
	GlobalSection(ExtensibilityGlobals) = postSolution
		SolutionGuid = {049408C1-41D7-4E26-902A-5B8E01E8ADEF}
	EndGlobalSection
EndGlobal
